
Microsoft Visual Studio Solution File, Format Version 12.00
# Visual Studio Version 17
VisualStudioVersion = 17.8.34316.72
MinimumVisualStudioVersion = 10.0.40219.1
Project("{FAE04EC0-301F-11D3-BF4B-00C04F79EFBC}") = "WeatherQualityMVC.ui", "WeatherQualityMVC.ui\WeatherQualityMVC.ui.csproj", "{2CB8C574-E326-4947-8524-4E896856026B}"
EndProject
Global
	GlobalSection(SolutionConfigurationPlatforms) = preSolution
		Debug|Any CPU = Debug|Any CPU
		Release|Any CPU = Release|Any CPU
	EndGlobalSection
	GlobalSection(ProjectConfigurationPlatforms) = postSolution
		{2CB8C574-E326-4947-8524-4E896856026B}.Debug|Any CPU.ActiveCfg = Debug|Any CPU
		{2CB8C574-E326-4947-8524-4E896856026B}.Debug|Any CPU.Build.0 = Debug|Any CPU
		{2CB8C574-E326-4947-8524-4E896856026B}.Release|Any CPU.ActiveCfg = Release|Any CPU
		{2CB8C574-E326-4947-8524-4E896856026B}.Release|Any CPU.Build.0 = Release|Any CPU
	EndGlobalSection
	GlobalSection(SolutionProperties) = preSolution
		HideSolutionNode = FALSE
	EndGlobalSection
	GlobalSection(ExtensibilityGlobals) = postSolution
		SolutionGuid = {B576B49D-1522-4599-874B-C32A77ACB72E}
	EndGlobalSection
EndGlobal
