
Microsoft Visual Studio Solution File, Format Version 12.00
# Visual Studio Version 17
VisualStudioVersion = 17.5.002.0
MinimumVisualStudioVersion = 10.0.40219.1
Project("{2150E333-8FDC-42A3-9474-1A3956D46DE8}") = "Bijay-Syangtan", "Bijay-Syangtan", "{7D7405B0-FA50-41B2-8BEC-67B8C9C75837}"
EndProject
Project("{9A19103F-16F7-4668-BE54-9A1E7A4F7556}") = "bca-sem-v", "Bijay-Syangtan\Classworl.Console\bca-sem-v.csproj", "{ED948BE2-DA9C-4F31-A480-43911BA03EE7}"
EndProject
Project("{2150E333-8FDC-42A3-9474-1A3956D46DE8}") = "Denish-Maharjan", "Denish-Maharjan", "{9A5D0728-A754-4F07-A544-BFE8571561A3}"
EndProject
Project("{9A19103F-16F7-4668-BE54-9A1E7A4F7556}") = "Classwork.Api", "Denish-Maharjan\Classwork.Api\Classwork.Api.csproj", "{E9E699C5-9DCF-4C2F-B51A-5D666729D4FF}"
EndProject
Project("{9A19103F-16F7-4668-BE54-9A1E7A4F7556}") = "Classwork.MVC", "Denish-Maharjan\Classwork.MVC\Classwork.MVC.csproj", "{8F8A2C6B-7D61-45A4-B76D-3A0FEA098881}"
EndProject
Project("{2150E333-8FDC-42A3-9474-1A3956D46DE8}") = "BCASemV", "BCASemV", "{BDBBA340-EF14-49B0-A275-7FA1A93E567D}"
EndProject
Project("{9A19103F-16F7-4668-BE54-9A1E7A4F7556}") = "Classwork.ConsoleApp", "Denish-Maharjan\BCASemV\Classwork.ConsoleApp\Classwork.ConsoleApp.csproj", "{DB6E8965-EF8A-496E-82D3-4F8648BEAC2C}"
EndProject
Project("{2150E333-8FDC-42A3-9474-1A3956D46DE8}") = "om-ratna", "om-ratna", "{A61547B4-4FAB-4583-A00F-1C573FFE6D8F}"
EndProject
Project("{2150E333-8FDC-42A3-9474-1A3956D46DE8}") = "BCAsemV", "BCAsemV", "{93933945-7A79-45A6-A599-4BB0AF59029A}"
EndProject
Project("{9A19103F-16F7-4668-BE54-9A1E7A4F7556}") = "classwork.api", "om-ratna\BCAsemV\classwork.api\classwork.api.csproj", "{0DC510F4-0B58-4EB9-AAB3-9A90B48090EC}"
EndProject
Project("{9A19103F-16F7-4668-BE54-9A1E7A4F7556}") = "webApplication", "om-ratna\BCAsemV\webApplication\webApplication.csproj", "{DB513D11-1FFC-416E-AF05-AE48BD19DCF4}"
EndProject
Project("{2150E333-8FDC-42A3-9474-1A3956D46DE8}") = "tutor", "tutor", "{46F5E0F3-F0C4-4D48-BF69-FF8EEDFEBA2A}"
EndProject
Project("{2150E333-8FDC-42A3-9474-1A3956D46DE8}") = "SemV2023", "SemV2023", "{2864B72F-7500-4FD2-871E-503F0B43243B}"
EndProject
Project("{9A19103F-16F7-4668-BE54-9A1E7A4F7556}") = "SemV.ConsoleApp", "tutor\SemV2023\SemV.ConsoleApp\SemV.ConsoleApp.csproj", "{08BAFE05-0768-4C9A-9CC3-D04D59A45643}"
EndProject
Global
	GlobalSection(SolutionConfigurationPlatforms) = preSolution
		Debug|Any CPU = Debug|Any CPU
		Release|Any CPU = Release|Any CPU
	EndGlobalSection
	GlobalSection(ProjectConfigurationPlatforms) = postSolution
		{ED948BE2-DA9C-4F31-A480-43911BA03EE7}.Debug|Any CPU.ActiveCfg = Debug|Any CPU
		{ED948BE2-DA9C-4F31-A480-43911BA03EE7}.Debug|Any CPU.Build.0 = Debug|Any CPU
		{ED948BE2-DA9C-4F31-A480-43911BA03EE7}.Release|Any CPU.ActiveCfg = Release|Any CPU
		{ED948BE2-DA9C-4F31-A480-43911BA03EE7}.Release|Any CPU.Build.0 = Release|Any CPU
		{E9E699C5-9DCF-4C2F-B51A-5D666729D4FF}.Debug|Any CPU.ActiveCfg = Debug|Any CPU
		{E9E699C5-9DCF-4C2F-B51A-5D666729D4FF}.Debug|Any CPU.Build.0 = Debug|Any CPU
		{E9E699C5-9DCF-4C2F-B51A-5D666729D4FF}.Release|Any CPU.ActiveCfg = Release|Any CPU
		{E9E699C5-9DCF-4C2F-B51A-5D666729D4FF}.Release|Any CPU.Build.0 = Release|Any CPU
		{8F8A2C6B-7D61-45A4-B76D-3A0FEA098881}.Debug|Any CPU.ActiveCfg = Debug|Any CPU
		{8F8A2C6B-7D61-45A4-B76D-3A0FEA098881}.Debug|Any CPU.Build.0 = Debug|Any CPU
		{8F8A2C6B-7D61-45A4-B76D-3A0FEA098881}.Release|Any CPU.ActiveCfg = Release|Any CPU
		{8F8A2C6B-7D61-45A4-B76D-3A0FEA098881}.Release|Any CPU.Build.0 = Release|Any CPU
		{DB6E8965-EF8A-496E-82D3-4F8648BEAC2C}.Debug|Any CPU.ActiveCfg = Debug|Any CPU
		{DB6E8965-EF8A-496E-82D3-4F8648BEAC2C}.Debug|Any CPU.Build.0 = Debug|Any CPU
		{DB6E8965-EF8A-496E-82D3-4F8648BEAC2C}.Release|Any CPU.ActiveCfg = Release|Any CPU
		{DB6E8965-EF8A-496E-82D3-4F8648BEAC2C}.Release|Any CPU.Build.0 = Release|Any CPU
		{0DC510F4-0B58-4EB9-AAB3-9A90B48090EC}.Debug|Any CPU.ActiveCfg = Debug|Any CPU
		{0DC510F4-0B58-4EB9-AAB3-9A90B48090EC}.Debug|Any CPU.Build.0 = Debug|Any CPU
		{0DC510F4-0B58-4EB9-AAB3-9A90B48090EC}.Release|Any CPU.ActiveCfg = Release|Any CPU
		{0DC510F4-0B58-4EB9-AAB3-9A90B48090EC}.Release|Any CPU.Build.0 = Release|Any CPU
		{DB513D11-1FFC-416E-AF05-AE48BD19DCF4}.Debug|Any CPU.ActiveCfg = Debug|Any CPU
		{DB513D11-1FFC-416E-AF05-AE48BD19DCF4}.Debug|Any CPU.Build.0 = Debug|Any CPU
		{DB513D11-1FFC-416E-AF05-AE48BD19DCF4}.Release|Any CPU.ActiveCfg = Release|Any CPU
		{DB513D11-1FFC-416E-AF05-AE48BD19DCF4}.Release|Any CPU.Build.0 = Release|Any CPU
		{08BAFE05-0768-4C9A-9CC3-D04D59A45643}.Debug|Any CPU.ActiveCfg = Debug|Any CPU
		{08BAFE05-0768-4C9A-9CC3-D04D59A45643}.Debug|Any CPU.Build.0 = Debug|Any CPU
		{08BAFE05-0768-4C9A-9CC3-D04D59A45643}.Release|Any CPU.ActiveCfg = Release|Any CPU
		{08BAFE05-0768-4C9A-9CC3-D04D59A45643}.Release|Any CPU.Build.0 = Release|Any CPU
	EndGlobalSection
	GlobalSection(SolutionProperties) = preSolution
		HideSolutionNode = FALSE
	EndGlobalSection
	GlobalSection(NestedProjects) = preSolution
		{ED948BE2-DA9C-4F31-A480-43911BA03EE7} = {7D7405B0-FA50-41B2-8BEC-67B8C9C75837}
		{E9E699C5-9DCF-4C2F-B51A-5D666729D4FF} = {9A5D0728-A754-4F07-A544-BFE8571561A3}
		{8F8A2C6B-7D61-45A4-B76D-3A0FEA098881} = {9A5D0728-A754-4F07-A544-BFE8571561A3}
		{BDBBA340-EF14-49B0-A275-7FA1A93E567D} = {9A5D0728-A754-4F07-A544-BFE8571561A3}
		{DB6E8965-EF8A-496E-82D3-4F8648BEAC2C} = {BDBBA340-EF14-49B0-A275-7FA1A93E567D}
		{93933945-7A79-45A6-A599-4BB0AF59029A} = {A61547B4-4FAB-4583-A00F-1C573FFE6D8F}
		{0DC510F4-0B58-4EB9-AAB3-9A90B48090EC} = {93933945-7A79-45A6-A599-4BB0AF59029A}
		{DB513D11-1FFC-416E-AF05-AE48BD19DCF4} = {93933945-7A79-45A6-A599-4BB0AF59029A}
		{2864B72F-7500-4FD2-871E-503F0B43243B} = {46F5E0F3-F0C4-4D48-BF69-FF8EEDFEBA2A}
		{08BAFE05-0768-4C9A-9CC3-D04D59A45643} = {2864B72F-7500-4FD2-871E-503F0B43243B}
	EndGlobalSection
	GlobalSection(ExtensibilityGlobals) = postSolution
		SolutionGuid = {79B40D6E-A8DE-4513-931A-8646C9424C8F}
	EndGlobalSection
EndGlobal
