
Microsoft Visual Studio Solution File, Format Version 12.00
# Visual Studio Version 17
VisualStudioVersion = 17.8.34601.278
MinimumVisualStudioVersion = 10.0.40219.1
Project("{FAE04EC0-301F-11D3-BF4B-00C04F79EFBC}") = "WaterConsumptionSystem.MVC.UI", "WaterConsumptionSystem.MVC.UI\WaterConsumptionSystem.MVC.UI.csproj", "{63178AC0-AD64-4190-A5C1-938D040F11CD}"
EndProject
Project("{FAE04EC0-301F-11D3-BF4B-00C04F79EFBC}") = "WaterConsumptionSystem.Application", "WaterConsumptionSystem.Application\WaterConsumptionSystem.Application.csproj", "{D3E8E6F0-E809-44EE-B17F-1CC5DC8D388E}"
EndProject
Project("{FAE04EC0-301F-11D3-BF4B-00C04F79EFBC}") = "WaterConsumptionSystem.Domain", "WaterConsumptionSystem.Domain\WaterConsumptionSystem.Domain.csproj", "{96F87D0C-529A-4CC3-8A44-30DBA2017856}"
EndProject
Project("{FAE04EC0-301F-11D3-BF4B-00C04F79EFBC}") = "WaterConsumptionSystem.Infrastructure", "WaterConsumptionSystem.Infrastructure\WaterConsumptionSystem.Infrastructure.csproj", "{37AC1B02-5F74-487B-9C1B-4BE3DCA089C3}"
EndProject
Global
	GlobalSection(SolutionConfigurationPlatforms) = preSolution
		Debug|Any CPU = Debug|Any CPU
		Release|Any CPU = Release|Any CPU
	EndGlobalSection
	GlobalSection(ProjectConfigurationPlatforms) = postSolution
		{63178AC0-AD64-4190-A5C1-938D040F11CD}.Debug|Any CPU.ActiveCfg = Debug|Any CPU
		{63178AC0-AD64-4190-A5C1-938D040F11CD}.Debug|Any CPU.Build.0 = Debug|Any CPU
		{63178AC0-AD64-4190-A5C1-938D040F11CD}.Release|Any CPU.ActiveCfg = Release|Any CPU
		{63178AC0-AD64-4190-A5C1-938D040F11CD}.Release|Any CPU.Build.0 = Release|Any CPU
		{D3E8E6F0-E809-44EE-B17F-1CC5DC8D388E}.Debug|Any CPU.ActiveCfg = Debug|Any CPU
		{D3E8E6F0-E809-44EE-B17F-1CC5DC8D388E}.Debug|Any CPU.Build.0 = Debug|Any CPU
		{D3E8E6F0-E809-44EE-B17F-1CC5DC8D388E}.Release|Any CPU.ActiveCfg = Release|Any CPU
		{D3E8E6F0-E809-44EE-B17F-1CC5DC8D388E}.Release|Any CPU.Build.0 = Release|Any CPU
		{96F87D0C-529A-4CC3-8A44-30DBA2017856}.Debug|Any CPU.ActiveCfg = Debug|Any CPU
		{96F87D0C-529A-4CC3-8A44-30DBA2017856}.Debug|Any CPU.Build.0 = Debug|Any CPU
		{96F87D0C-529A-4CC3-8A44-30DBA2017856}.Release|Any CPU.ActiveCfg = Release|Any CPU
		{96F87D0C-529A-4CC3-8A44-30DBA2017856}.Release|Any CPU.Build.0 = Release|Any CPU
		{37AC1B02-5F74-487B-9C1B-4BE3DCA089C3}.Debug|Any CPU.ActiveCfg = Debug|Any CPU
		{37AC1B02-5F74-487B-9C1B-4BE3DCA089C3}.Debug|Any CPU.Build.0 = Debug|Any CPU
		{37AC1B02-5F74-487B-9C1B-4BE3DCA089C3}.Release|Any CPU.ActiveCfg = Release|Any CPU
		{37AC1B02-5F74-487B-9C1B-4BE3DCA089C3}.Release|Any CPU.Build.0 = Release|Any CPU
	EndGlobalSection
	GlobalSection(SolutionProperties) = preSolution
		HideSolutionNode = FALSE
	EndGlobalSection
	GlobalSection(ExtensibilityGlobals) = postSolution
		SolutionGuid = {CC358A2F-19CB-4502-B316-6B1F5E46E985}
	EndGlobalSection
EndGlobal
