
Microsoft Visual Studio Solution File, Format Version 12.00
# Visual Studio Version 17
VisualStudioVersion = 17.8.34316.72
MinimumVisualStudioVersion = 10.0.40219.1
Project("{9A19103F-16F7-4668-BE54-9A1E7A4F7556}") = "AirQualityIndex.Mvc.Ui", "AirQualityIndex.Mvi.Ui\AirQualityIndex.Mvc.Ui.csproj", "{B44D9E4A-0572-4650-AAB5-CB38B1D2D2A9}"
EndProject
Global
	GlobalSection(SolutionConfigurationPlatforms) = preSolution
		Debug|Any CPU = Debug|Any CPU
		Release|Any CPU = Release|Any CPU
	EndGlobalSection
	GlobalSection(ProjectConfigurationPlatforms) = postSolution
		{B44D9E4A-0572-4650-AAB5-CB38B1D2D2A9}.Debug|Any CPU.ActiveCfg = Debug|Any CPU
		{B44D9E4A-0572-4650-AAB5-CB38B1D2D2A9}.Debug|Any CPU.Build.0 = Debug|Any CPU
		{B44D9E4A-0572-4650-AAB5-CB38B1D2D2A9}.Release|Any CPU.ActiveCfg = Release|Any CPU
		{B44D9E4A-0572-4650-AAB5-CB38B1D2D2A9}.Release|Any CPU.Build.0 = Release|Any CPU
	EndGlobalSection
	GlobalSection(SolutionProperties) = preSolution
		HideSolutionNode = FALSE
	EndGlobalSection
	GlobalSection(ExtensibilityGlobals) = postSolution
		SolutionGuid = {845265FD-7AAB-47F9-A10E-B9D6FB5609D3}
	EndGlobalSection
EndGlobal
