
Microsoft Visual Studio Solution File, Format Version 12.00
# Visual Studio Version 17
VisualStudioVersion = 17.8.34316.72
MinimumVisualStudioVersion = 10.0.40219.1
Project("{FAE04EC0-301F-11D3-BF4B-00C04F79EFBC}") = "GarbageManagement.Ui", "GarbageManagement\GarbageManagement.Ui.csproj", "{712DD811-A1AE-4CAA-A7CD-F12C46F89178}"
	ProjectSection(ProjectDependencies) = postProject
		{C6BCE120-D268-4E73-9A34-CEA5C22DBDF2} = {C6BCE120-D268-4E73-9A34-CEA5C22DBDF2}
	EndProjectSection
EndProject
Project("{FAE04EC0-301F-11D3-BF4B-00C04F79EFBC}") = "GarbageManagement.Domain", "GarbageManagement.Domain\GarbageManagement.Domain.csproj", "{8AC95DF6-BF7B-4A45-BE4D-022F926D21CA}"
EndProject
Project("{FAE04EC0-301F-11D3-BF4B-00C04F79EFBC}") = "GarbageManagement.Infrastructure", "GarbageManagement.Infrastructure\GarbageManagement.Infrastructure.csproj", "{C6BCE120-D268-4E73-9A34-CEA5C22DBDF2}"
EndProject
Project("{FAE04EC0-301F-11D3-BF4B-00C04F79EFBC}") = "Garbagemanagement.Application", "Garbagemanagement.Application\Garbagemanagement.Application.csproj", "{818F6454-81B4-46FB-AD9D-580670B78D53}"
EndProject
Global
	GlobalSection(SolutionConfigurationPlatforms) = preSolution
		Debug|Any CPU = Debug|Any CPU
		Release|Any CPU = Release|Any CPU
	EndGlobalSection
	GlobalSection(ProjectConfigurationPlatforms) = postSolution
		{712DD811-A1AE-4CAA-A7CD-F12C46F89178}.Debug|Any CPU.ActiveCfg = Debug|Any CPU
		{712DD811-A1AE-4CAA-A7CD-F12C46F89178}.Debug|Any CPU.Build.0 = Debug|Any CPU
		{712DD811-A1AE-4CAA-A7CD-F12C46F89178}.Release|Any CPU.ActiveCfg = Release|Any CPU
		{712DD811-A1AE-4CAA-A7CD-F12C46F89178}.Release|Any CPU.Build.0 = Release|Any CPU
		{8AC95DF6-BF7B-4A45-BE4D-022F926D21CA}.Debug|Any CPU.ActiveCfg = Debug|Any CPU
		{8AC95DF6-BF7B-4A45-BE4D-022F926D21CA}.Debug|Any CPU.Build.0 = Debug|Any CPU
		{8AC95DF6-BF7B-4A45-BE4D-022F926D21CA}.Release|Any CPU.ActiveCfg = Release|Any CPU
		{8AC95DF6-BF7B-4A45-BE4D-022F926D21CA}.Release|Any CPU.Build.0 = Release|Any CPU
		{C6BCE120-D268-4E73-9A34-CEA5C22DBDF2}.Debug|Any CPU.ActiveCfg = Debug|Any CPU
		{C6BCE120-D268-4E73-9A34-CEA5C22DBDF2}.Debug|Any CPU.Build.0 = Debug|Any CPU
		{C6BCE120-D268-4E73-9A34-CEA5C22DBDF2}.Release|Any CPU.ActiveCfg = Release|Any CPU
		{C6BCE120-D268-4E73-9A34-CEA5C22DBDF2}.Release|Any CPU.Build.0 = Release|Any CPU
		{818F6454-81B4-46FB-AD9D-580670B78D53}.Debug|Any CPU.ActiveCfg = Debug|Any CPU
		{818F6454-81B4-46FB-AD9D-580670B78D53}.Debug|Any CPU.Build.0 = Debug|Any CPU
		{818F6454-81B4-46FB-AD9D-580670B78D53}.Release|Any CPU.ActiveCfg = Release|Any CPU
		{818F6454-81B4-46FB-AD9D-580670B78D53}.Release|Any CPU.Build.0 = Release|Any CPU
	EndGlobalSection
	GlobalSection(SolutionProperties) = preSolution
		HideSolutionNode = FALSE
	EndGlobalSection
	GlobalSection(ExtensibilityGlobals) = postSolution
		SolutionGuid = {61AB24EF-4FF3-45B0-A4CC-DED03409B7A4}
	EndGlobalSection
EndGlobal
