
Microsoft Visual Studio Solution File, Format Version 12.00
# Visual Studio Version 17
VisualStudioVersion = 17.8.34316.72
MinimumVisualStudioVersion = 10.0.40219.1
Project("{9A19103F-16F7-4668-BE54-9A1E7A4F7556}") = "webApplication.ui", "webApplication.ui.csproj", "{01921E1C-B0A8-4E21-BDEF-79CCB7A174C3}"
EndProject
Global
	GlobalSection(SolutionConfigurationPlatforms) = preSolution
		Debug|Any CPU = Debug|Any CPU
		Release|Any CPU = Release|Any CPU
	EndGlobalSection
	GlobalSection(ProjectConfigurationPlatforms) = postSolution
		{01921E1C-B0A8-4E21-BDEF-79CCB7A174C3}.Debug|Any CPU.ActiveCfg = Debug|Any CPU
		{01921E1C-B0A8-4E21-BDEF-79CCB7A174C3}.Debug|Any CPU.Build.0 = Debug|Any CPU
		{01921E1C-B0A8-4E21-BDEF-79CCB7A174C3}.Release|Any CPU.ActiveCfg = Release|Any CPU
		{01921E1C-B0A8-4E21-BDEF-79CCB7A174C3}.Release|Any CPU.Build.0 = Release|Any CPU
	EndGlobalSection
	GlobalSection(SolutionProperties) = preSolution
		HideSolutionNode = FALSE
	EndGlobalSection
	GlobalSection(ExtensibilityGlobals) = postSolution
		SolutionGuid = {3435C3E8-2491-4477-BCA1-261FC2726007}
	EndGlobalSection
EndGlobal
