
Microsoft Visual Studio Solution File, Format Version 12.00
# Visual Studio Version 17
VisualStudioVersion = 17.8.34316.72
MinimumVisualStudioVersion = 10.0.40219.1
Project("{FAE04EC0-301F-11D3-BF4B-00C04F79EFBC}") = "Classwork.console", "Classwork.console\Classwork.console.csproj", "{A0B4457B-8975-439D-823E-D4A45E860B39}"
EndProject
Global
	GlobalSection(SolutionConfigurationPlatforms) = preSolution
		Debug|Any CPU = Debug|Any CPU
		Release|Any CPU = Release|Any CPU
	EndGlobalSection
	GlobalSection(ProjectConfigurationPlatforms) = postSolution
		{A0B4457B-8975-439D-823E-D4A45E860B39}.Debug|Any CPU.ActiveCfg = Debug|Any CPU
		{A0B4457B-8975-439D-823E-D4A45E860B39}.Debug|Any CPU.Build.0 = Debug|Any CPU
		{A0B4457B-8975-439D-823E-D4A45E860B39}.Release|Any CPU.ActiveCfg = Release|Any CPU
		{A0B4457B-8975-439D-823E-D4A45E860B39}.Release|Any CPU.Build.0 = Release|Any CPU
	EndGlobalSection
	GlobalSection(SolutionProperties) = preSolution
		HideSolutionNode = FALSE
	EndGlobalSection
	GlobalSection(ExtensibilityGlobals) = postSolution
		SolutionGuid = {8A8D9957-2F84-4EF9-98A1-DD523C0DA137}
	EndGlobalSection
EndGlobal
