
Microsoft Visual Studio Solution File, Format Version 12.00
# Visual Studio Version 17
VisualStudioVersion = 17.8.34316.72
MinimumVisualStudioVersion = 10.0.40219.1
Project("{9A19103F-16F7-4668-BE54-9A1E7A4F7556}") = "SemV.ConsoleApp", "SemV.ConsoleApp\SemV.ConsoleApp.csproj", "{6B099AD8-247A-45EB-9492-4CCEDF8616A6}"
EndProject
Project("{9A19103F-16F7-4668-BE54-9A1E7A4F7556}") = "SemV.DesktopApp", "SemV.DesktopApp\SemV.DesktopApp.csproj", "{0D23DF07-C55E-4F28-B965-237B55A0A9CF}"
EndProject
Project("{FAE04EC0-301F-11D3-BF4B-00C04F79EFBC}") = "ClassCheck.Ui", "CalssCheck.Ui\ClassCheck.Ui.csproj", "{0A87F449-A16C-4531-AEA6-966F0F811D6A}"
EndProject
Project("{2150E333-8FDC-42A3-9474-1A3956D46DE8}") = "Classwork", "Classwork", "{30FCD6ED-4009-4545-A96A-229ADC8C8985}"
EndProject
Global
	GlobalSection(SolutionConfigurationPlatforms) = preSolution
		Debug|Any CPU = Debug|Any CPU
		Release|Any CPU = Release|Any CPU
	EndGlobalSection
	GlobalSection(ProjectConfigurationPlatforms) = postSolution
		{6B099AD8-247A-45EB-9492-4CCEDF8616A6}.Debug|Any CPU.ActiveCfg = Debug|Any CPU
		{6B099AD8-247A-45EB-9492-4CCEDF8616A6}.Debug|Any CPU.Build.0 = Debug|Any CPU
		{6B099AD8-247A-45EB-9492-4CCEDF8616A6}.Release|Any CPU.ActiveCfg = Release|Any CPU
		{6B099AD8-247A-45EB-9492-4CCEDF8616A6}.Release|Any CPU.Build.0 = Release|Any CPU
		{0D23DF07-C55E-4F28-B965-237B55A0A9CF}.Debug|Any CPU.ActiveCfg = Debug|Any CPU
		{0D23DF07-C55E-4F28-B965-237B55A0A9CF}.Debug|Any CPU.Build.0 = Debug|Any CPU
		{0D23DF07-C55E-4F28-B965-237B55A0A9CF}.Release|Any CPU.ActiveCfg = Release|Any CPU
		{0D23DF07-C55E-4F28-B965-237B55A0A9CF}.Release|Any CPU.Build.0 = Release|Any CPU
		{0A87F449-A16C-4531-AEA6-966F0F811D6A}.Debug|Any CPU.ActiveCfg = Debug|Any CPU
		{0A87F449-A16C-4531-AEA6-966F0F811D6A}.Debug|Any CPU.Build.0 = Debug|Any CPU
		{0A87F449-A16C-4531-AEA6-966F0F811D6A}.Release|Any CPU.ActiveCfg = Release|Any CPU
		{0A87F449-A16C-4531-AEA6-966F0F811D6A}.Release|Any CPU.Build.0 = Release|Any CPU
	EndGlobalSection
	GlobalSection(SolutionProperties) = preSolution
		HideSolutionNode = FALSE
	EndGlobalSection
	GlobalSection(NestedProjects) = preSolution
		{6B099AD8-247A-45EB-9492-4CCEDF8616A6} = {30FCD6ED-4009-4545-A96A-229ADC8C8985}
		{0D23DF07-C55E-4F28-B965-237B55A0A9CF} = {30FCD6ED-4009-4545-A96A-229ADC8C8985}
	EndGlobalSection
	GlobalSection(ExtensibilityGlobals) = postSolution
		SolutionGuid = {C20CDC21-FB6F-44B8-AE56-E5138150C4B4}
	EndGlobalSection
EndGlobal
