
Microsoft Visual Studio Solution File, Format Version 12.00
# Visual Studio Version 17
VisualStudioVersion = 17.8.34316.72
MinimumVisualStudioVersion = 10.0.40219.1
Project("{FAE04EC0-301F-11D3-BF4B-00C04F79EFBC}") = "classwork", "classwork\classwork.csproj", "{4F52C6A2-FB33-4C8F-9379-6EF43790DE06}"
EndProject
Project("{FAE04EC0-301F-11D3-BF4B-00C04F79EFBC}") = "classwork.api", "classwork.api\classwork.api.csproj", "{7CE28E1F-6B10-4F4F-804E-C55AAFEFC5F3}"
EndProject
Project("{FAE04EC0-301F-11D3-BF4B-00C04F79EFBC}") = "webApplication", "webApplication\webApplication.csproj", "{79DD4F86-3EDC-477D-9AC4-CC02FBA22C28}"
EndProject
Global
	GlobalSection(SolutionConfigurationPlatforms) = preSolution
		Debug|Any CPU = Debug|Any CPU
		Release|Any CPU = Release|Any CPU
	EndGlobalSection
	GlobalSection(ProjectConfigurationPlatforms) = postSolution
		{4F52C6A2-FB33-4C8F-9379-6EF43790DE06}.Debug|Any CPU.ActiveCfg = Debug|Any CPU
		{4F52C6A2-FB33-4C8F-9379-6EF43790DE06}.Debug|Any CPU.Build.0 = Debug|Any CPU
		{4F52C6A2-FB33-4C8F-9379-6EF43790DE06}.Release|Any CPU.ActiveCfg = Release|Any CPU
		{4F52C6A2-FB33-4C8F-9379-6EF43790DE06}.Release|Any CPU.Build.0 = Release|Any CPU
		{7CE28E1F-6B10-4F4F-804E-C55AAFEFC5F3}.Debug|Any CPU.ActiveCfg = Debug|Any CPU
		{7CE28E1F-6B10-4F4F-804E-C55AAFEFC5F3}.Debug|Any CPU.Build.0 = Debug|Any CPU
		{7CE28E1F-6B10-4F4F-804E-C55AAFEFC5F3}.Release|Any CPU.ActiveCfg = Release|Any CPU
		{7CE28E1F-6B10-4F4F-804E-C55AAFEFC5F3}.Release|Any CPU.Build.0 = Release|Any CPU
		{79DD4F86-3EDC-477D-9AC4-CC02FBA22C28}.Debug|Any CPU.ActiveCfg = Debug|Any CPU
		{79DD4F86-3EDC-477D-9AC4-CC02FBA22C28}.Debug|Any CPU.Build.0 = Debug|Any CPU
		{79DD4F86-3EDC-477D-9AC4-CC02FBA22C28}.Release|Any CPU.ActiveCfg = Release|Any CPU
		{79DD4F86-3EDC-477D-9AC4-CC02FBA22C28}.Release|Any CPU.Build.0 = Release|Any CPU
	EndGlobalSection
	GlobalSection(SolutionProperties) = preSolution
		HideSolutionNode = FALSE
	EndGlobalSection
	GlobalSection(ExtensibilityGlobals) = postSolution
		SolutionGuid = {421C4D98-01AC-409E-B2B0-749E200416D2}
	EndGlobalSection
EndGlobal
