
Microsoft Visual Studio Solution File, Format Version 12.00
# Visual Studio Version 17
VisualStudioVersion = 17.5.002.0
MinimumVisualStudioVersion = 10.0.40219.1
Project("{9A19103F-16F7-4668-BE54-9A1E7A4F7556}") = "Anish_Shrestha", "Anish_Shrestha.csproj", "{697F1CD6-C20F-40E2-9041-5293B5721F80}"
EndProject
Global
	GlobalSection(SolutionConfigurationPlatforms) = preSolution
		Debug|Any CPU = Debug|Any CPU
		Release|Any CPU = Release|Any CPU
	EndGlobalSection
	GlobalSection(ProjectConfigurationPlatforms) = postSolution
		{697F1CD6-C20F-40E2-9041-5293B5721F80}.Debug|Any CPU.ActiveCfg = Debug|Any CPU
		{697F1CD6-C20F-40E2-9041-5293B5721F80}.Debug|Any CPU.Build.0 = Debug|Any CPU
		{697F1CD6-C20F-40E2-9041-5293B5721F80}.Release|Any CPU.ActiveCfg = Release|Any CPU
		{697F1CD6-C20F-40E2-9041-5293B5721F80}.Release|Any CPU.Build.0 = Release|Any CPU
	EndGlobalSection
	GlobalSection(SolutionProperties) = preSolution
		HideSolutionNode = FALSE
	EndGlobalSection
	GlobalSection(ExtensibilityGlobals) = postSolution
		SolutionGuid = {5BEF1223-D94C-4BA0-8686-0C045B417D33}
	EndGlobalSection
EndGlobal
