
Microsoft Visual Studio Solution File, Format Version 12.00
# Visual Studio Version 17
VisualStudioVersion = 17.8.34316.72
MinimumVisualStudioVersion = 10.0.40219.1
Project("{9A19103F-16F7-4668-BE54-9A1E7A4F7556}") = "AirQualityIndex.Mvc.Ui", "AirQualityIndex.Mvc.Ui\AirQualityIndex.Mvc.Ui.csproj", "{9FEED2AD-878C-4F0A-9E03-4923FEA915A8}"
EndProject
Project("{9A19103F-16F7-4668-BE54-9A1E7A4F7556}") = "AirQualityIndex.Domain", "AirQualityIndex.Domain\AirQualityIndex.Domain.csproj", "{6473D615-50A2-4F42-A0BA-451723FE7293}"
EndProject
Project("{9A19103F-16F7-4668-BE54-9A1E7A4F7556}") = "AirQualityIndex.Infrastructure", "AirQualityIndex.Infrastructure\AirQualityIndex.Infrastructure.csproj", "{EA541858-DE12-41BF-A0E3-627B7261CD59}"
EndProject
Project("{9A19103F-16F7-4668-BE54-9A1E7A4F7556}") = "AirQualityIndex.Application", "AirQualityIndex.Application\AirQualityIndex.Application.csproj", "{AF3D9E46-1D2B-4801-B937-DD213C73B7B2}"
EndProject
Global
	GlobalSection(SolutionConfigurationPlatforms) = preSolution
		Debug|Any CPU = Debug|Any CPU
		Release|Any CPU = Release|Any CPU
	EndGlobalSection
	GlobalSection(ProjectConfigurationPlatforms) = postSolution
		{9FEED2AD-878C-4F0A-9E03-4923FEA915A8}.Debug|Any CPU.ActiveCfg = Debug|Any CPU
		{9FEED2AD-878C-4F0A-9E03-4923FEA915A8}.Debug|Any CPU.Build.0 = Debug|Any CPU
		{9FEED2AD-878C-4F0A-9E03-4923FEA915A8}.Release|Any CPU.ActiveCfg = Release|Any CPU
		{9FEED2AD-878C-4F0A-9E03-4923FEA915A8}.Release|Any CPU.Build.0 = Release|Any CPU
		{6473D615-50A2-4F42-A0BA-451723FE7293}.Debug|Any CPU.ActiveCfg = Debug|Any CPU
		{6473D615-50A2-4F42-A0BA-451723FE7293}.Debug|Any CPU.Build.0 = Debug|Any CPU
		{6473D615-50A2-4F42-A0BA-451723FE7293}.Release|Any CPU.ActiveCfg = Release|Any CPU
		{6473D615-50A2-4F42-A0BA-451723FE7293}.Release|Any CPU.Build.0 = Release|Any CPU
		{EA541858-DE12-41BF-A0E3-627B7261CD59}.Debug|Any CPU.ActiveCfg = Debug|Any CPU
		{EA541858-DE12-41BF-A0E3-627B7261CD59}.Debug|Any CPU.Build.0 = Debug|Any CPU
		{EA541858-DE12-41BF-A0E3-627B7261CD59}.Release|Any CPU.ActiveCfg = Release|Any CPU
		{EA541858-DE12-41BF-A0E3-627B7261CD59}.Release|Any CPU.Build.0 = Release|Any CPU
		{AF3D9E46-1D2B-4801-B937-DD213C73B7B2}.Debug|Any CPU.ActiveCfg = Debug|Any CPU
		{AF3D9E46-1D2B-4801-B937-DD213C73B7B2}.Debug|Any CPU.Build.0 = Debug|Any CPU
		{AF3D9E46-1D2B-4801-B937-DD213C73B7B2}.Release|Any CPU.ActiveCfg = Release|Any CPU
		{AF3D9E46-1D2B-4801-B937-DD213C73B7B2}.Release|Any CPU.Build.0 = Release|Any CPU
	EndGlobalSection
	GlobalSection(SolutionProperties) = preSolution
		HideSolutionNode = FALSE
	EndGlobalSection
	GlobalSection(ExtensibilityGlobals) = postSolution
		SolutionGuid = {DE1CD21C-C1F0-4D06-8DA4-1218DC81CE7D}
	EndGlobalSection
EndGlobal
