
Microsoft Visual Studio Solution File, Format Version 12.00
# Visual Studio Version 17
VisualStudioVersion = 17.8.34322.80
MinimumVisualStudioVersion = 10.0.40219.1
Project("{9A19103F-16F7-4668-BE54-9A1E7A4F7556}") = "ClassWork", "ClassWork\ClassWork.csproj", "{0B87E0AB-4C0B-46D2-BC6F-E0350BD31690}"
EndProject
Project("{FAE04EC0-301F-11D3-BF4B-00C04F79EFBC}") = "MyMvc.Ui", "MyMvc.Ui\MyMvc.Ui.csproj", "{71D318FB-9C01-43E4-9DFA-0EA85234FD97}"
EndProject
Global
	GlobalSection(SolutionConfigurationPlatforms) = preSolution
		Debug|Any CPU = Debug|Any CPU
		Release|Any CPU = Release|Any CPU
	EndGlobalSection
	GlobalSection(ProjectConfigurationPlatforms) = postSolution
		{0B87E0AB-4C0B-46D2-BC6F-E0350BD31690}.Debug|Any CPU.ActiveCfg = Debug|Any CPU
		{0B87E0AB-4C0B-46D2-BC6F-E0350BD31690}.Debug|Any CPU.Build.0 = Debug|Any CPU
		{0B87E0AB-4C0B-46D2-BC6F-E0350BD31690}.Release|Any CPU.ActiveCfg = Release|Any CPU
		{0B87E0AB-4C0B-46D2-BC6F-E0350BD31690}.Release|Any CPU.Build.0 = Release|Any CPU
		{71D318FB-9C01-43E4-9DFA-0EA85234FD97}.Debug|Any CPU.ActiveCfg = Debug|Any CPU
		{71D318FB-9C01-43E4-9DFA-0EA85234FD97}.Debug|Any CPU.Build.0 = Debug|Any CPU
		{71D318FB-9C01-43E4-9DFA-0EA85234FD97}.Release|Any CPU.ActiveCfg = Release|Any CPU
		{71D318FB-9C01-43E4-9DFA-0EA85234FD97}.Release|Any CPU.Build.0 = Release|Any CPU
	EndGlobalSection
	GlobalSection(SolutionProperties) = preSolution
		HideSolutionNode = FALSE
	EndGlobalSection
	GlobalSection(ExtensibilityGlobals) = postSolution
		SolutionGuid = {D3FF54BD-5CCD-4B67-B3F4-F73E4A5BB913}
	EndGlobalSection
EndGlobal
