
Microsoft Visual Studio Solution File, Format Version 12.00
# Visual Studio Version 17
VisualStudioVersion = 17.8.34525.116
MinimumVisualStudioVersion = 10.0.40219.1
Project("{9A19103F-16F7-4668-BE54-9A1E7A4F7556}") = "Cloth_Bank.Ui", "Cloth_Bank.Ui.csproj", "{E560505F-8124-45E4-A2D1-03A6A75C6FE6}"
	ProjectSection(ProjectDependencies) = postProject
		{2AC2AE95-7CB8-4338-9F89-FD15B1671EF6} = {2AC2AE95-7CB8-4338-9F89-FD15B1671EF6}
	EndProjectSection
EndProject
Project("{9A19103F-16F7-4668-BE54-9A1E7A4F7556}") = "Cloth_Bank.Domain", "..\Cloth_Bank.Domain\Cloth_Bank.Domain.csproj", "{8D87DA5D-83A9-4691-BC67-98E82D01629F}"
EndProject
Project("{9A19103F-16F7-4668-BE54-9A1E7A4F7556}") = "Cloth_Bank.Infrastructure", "..\Cloth_Bank.Infrastructure\Cloth_Bank.Infrastructure.csproj", "{2AC2AE95-7CB8-4338-9F89-FD15B1671EF6}"
EndProject
Project("{9A19103F-16F7-4668-BE54-9A1E7A4F7556}") = "Cloth_Bank.Application", "..\Cloth_Bank.Application\Cloth_Bank.Application.csproj", "{C43E4624-EC54-48BA-88B2-951ACAF5EBAC}"
EndProject
Global
	GlobalSection(SolutionConfigurationPlatforms) = preSolution
		Debug|Any CPU = Debug|Any CPU
		Release|Any CPU = Release|Any CPU
	EndGlobalSection
	GlobalSection(ProjectConfigurationPlatforms) = postSolution
		{E560505F-8124-45E4-A2D1-03A6A75C6FE6}.Debug|Any CPU.ActiveCfg = Debug|Any CPU
		{E560505F-8124-45E4-A2D1-03A6A75C6FE6}.Debug|Any CPU.Build.0 = Debug|Any CPU
		{E560505F-8124-45E4-A2D1-03A6A75C6FE6}.Release|Any CPU.ActiveCfg = Release|Any CPU
		{E560505F-8124-45E4-A2D1-03A6A75C6FE6}.Release|Any CPU.Build.0 = Release|Any CPU
		{8D87DA5D-83A9-4691-BC67-98E82D01629F}.Debug|Any CPU.ActiveCfg = Debug|Any CPU
		{8D87DA5D-83A9-4691-BC67-98E82D01629F}.Debug|Any CPU.Build.0 = Debug|Any CPU
		{8D87DA5D-83A9-4691-BC67-98E82D01629F}.Release|Any CPU.ActiveCfg = Release|Any CPU
		{8D87DA5D-83A9-4691-BC67-98E82D01629F}.Release|Any CPU.Build.0 = Release|Any CPU
		{2AC2AE95-7CB8-4338-9F89-FD15B1671EF6}.Debug|Any CPU.ActiveCfg = Debug|Any CPU
		{2AC2AE95-7CB8-4338-9F89-FD15B1671EF6}.Debug|Any CPU.Build.0 = Debug|Any CPU
		{2AC2AE95-7CB8-4338-9F89-FD15B1671EF6}.Release|Any CPU.ActiveCfg = Release|Any CPU
		{2AC2AE95-7CB8-4338-9F89-FD15B1671EF6}.Release|Any CPU.Build.0 = Release|Any CPU
		{C43E4624-EC54-48BA-88B2-951ACAF5EBAC}.Debug|Any CPU.ActiveCfg = Debug|Any CPU
		{C43E4624-EC54-48BA-88B2-951ACAF5EBAC}.Debug|Any CPU.Build.0 = Debug|Any CPU
		{C43E4624-EC54-48BA-88B2-951ACAF5EBAC}.Release|Any CPU.ActiveCfg = Release|Any CPU
		{C43E4624-EC54-48BA-88B2-951ACAF5EBAC}.Release|Any CPU.Build.0 = Release|Any CPU
	EndGlobalSection
	GlobalSection(SolutionProperties) = preSolution
		HideSolutionNode = FALSE
	EndGlobalSection
	GlobalSection(ExtensibilityGlobals) = postSolution
		SolutionGuid = {E45A9108-7CCE-4881-9C37-233466C94050}
	EndGlobalSection
EndGlobal
